
Microsoft Visual Studio Solution File, Format Version 12.00
# Visual Studio Version 17
VisualStudioVersion = 17.0.31903.59
MinimumVisualStudioVersion = 10.0.40219.1
Project("{2150E333-8FDC-42A3-9474-1A3956D46DE8}") = "src", "src", "{827E0CD3-B72D-47B6-A68D-7590B98EB39B}"
EndProject
Project("{FAE04EC0-301F-11D3-BF4B-00C04F79EFBC}") = "Assistant.API", "src\Assistant.API\Assistant.API.csproj", "{77AD5502-8DD1-4932-A2DA-944415E30B0C}"
EndProject
Project("{FAE04EC0-301F-11D3-BF4B-00C04F79EFBC}") = "Assistant.Core", "src\Assistant.Core\Assistant.Core.csproj", "{21A162E3-FC15-4D20-94C4-28BC94E5BC62}"
EndProject
Project("{FAE04EC0-301F-11D3-BF4B-00C04F79EFBC}") = "Assistant.Infrastructure", "src\Assistant.Infrastructure\Assistant.Infrastructure.csproj", "{A183ECD4-A4E6-4D7A-BEDE-5EC4FE98C01F}"
EndProject
Project("{FAE04EC0-301F-11D3-BF4B-00C04F79EFBC}") = "Assistant.Shared", "src\Assistant.Shared\Assistant.Shared.csproj", "{4858E683-29EE-4D10-B51B-90BD36068FAA}"
EndProject
Project("{FAE04EC0-301F-11D3-BF4B-00C04F79EFBC}") = "Assistant.MAUI", "src\Assistant.MAUI\Assistant.MAUI.csproj", "{B5B68FB8-40B1-4F2B-8825-5B5F1E5553CB}"
EndProject
Global
	GlobalSection(SolutionConfigurationPlatforms) = preSolution
		Debug|Any CPU = Debug|Any CPU
		Debug|x64 = Debug|x64
		Debug|x86 = Debug|x86
		Release|Any CPU = Release|Any CPU
		Release|x64 = Release|x64
		Release|x86 = Release|x86
	EndGlobalSection
	GlobalSection(ProjectConfigurationPlatforms) = postSolution
		{77AD5502-8DD1-4932-A2DA-944415E30B0C}.Debug|Any CPU.ActiveCfg = Debug|Any CPU
		{77AD5502-8DD1-4932-A2DA-944415E30B0C}.Debug|Any CPU.Build.0 = Debug|Any CPU
		{77AD5502-8DD1-4932-A2DA-944415E30B0C}.Debug|x64.ActiveCfg = Debug|Any CPU
		{77AD5502-8DD1-4932-A2DA-944415E30B0C}.Debug|x64.Build.0 = Debug|Any CPU
		{77AD5502-8DD1-4932-A2DA-944415E30B0C}.Debug|x86.ActiveCfg = Debug|Any CPU
		{77AD5502-8DD1-4932-A2DA-944415E30B0C}.Debug|x86.Build.0 = Debug|Any CPU
		{77AD5502-8DD1-4932-A2DA-944415E30B0C}.Release|Any CPU.ActiveCfg = Release|Any CPU
		{77AD5502-8DD1-4932-A2DA-944415E30B0C}.Release|Any CPU.Build.0 = Release|Any CPU
		{77AD5502-8DD1-4932-A2DA-944415E30B0C}.Release|x64.ActiveCfg = Release|Any CPU
		{77AD5502-8DD1-4932-A2DA-944415E30B0C}.Release|x64.Build.0 = Release|Any CPU
		{77AD5502-8DD1-4932-A2DA-944415E30B0C}.Release|x86.ActiveCfg = Release|Any CPU
		{77AD5502-8DD1-4932-A2DA-944415E30B0C}.Release|x86.Build.0 = Release|Any CPU
		{21A162E3-FC15-4D20-94C4-28BC94E5BC62}.Debug|Any CPU.ActiveCfg = Debug|Any CPU
		{21A162E3-FC15-4D20-94C4-28BC94E5BC62}.Debug|Any CPU.Build.0 = Debug|Any CPU
		{21A162E3-FC15-4D20-94C4-28BC94E5BC62}.Debug|x64.ActiveCfg = Debug|Any CPU
		{21A162E3-FC15-4D20-94C4-28BC94E5BC62}.Debug|x64.Build.0 = Debug|Any CPU
		{21A162E3-FC15-4D20-94C4-28BC94E5BC62}.Debug|x86.ActiveCfg = Debug|Any CPU
		{21A162E3-FC15-4D20-94C4-28BC94E5BC62}.Debug|x86.Build.0 = Debug|Any CPU
		{21A162E3-FC15-4D20-94C4-28BC94E5BC62}.Release|Any CPU.ActiveCfg = Release|Any CPU
		{21A162E3-FC15-4D20-94C4-28BC94E5BC62}.Release|Any CPU.Build.0 = Release|Any CPU
		{21A162E3-FC15-4D20-94C4-28BC94E5BC62}.Release|x64.ActiveCfg = Release|Any CPU
		{21A162E3-FC15-4D20-94C4-28BC94E5BC62}.Release|x64.Build.0 = Release|Any CPU
		{21A162E3-FC15-4D20-94C4-28BC94E5BC62}.Release|x86.ActiveCfg = Release|Any CPU
		{21A162E3-FC15-4D20-94C4-28BC94E5BC62}.Release|x86.Build.0 = Release|Any CPU
		{A183ECD4-A4E6-4D7A-BEDE-5EC4FE98C01F}.Debug|Any CPU.ActiveCfg = Debug|Any CPU
		{A183ECD4-A4E6-4D7A-BEDE-5EC4FE98C01F}.Debug|Any CPU.Build.0 = Debug|Any CPU
		{A183ECD4-A4E6-4D7A-BEDE-5EC4FE98C01F}.Debug|x64.ActiveCfg = Debug|Any CPU
		{A183ECD4-A4E6-4D7A-BEDE-5EC4FE98C01F}.Debug|x64.Build.0 = Debug|Any CPU
		{A183ECD4-A4E6-4D7A-BEDE-5EC4FE98C01F}.Debug|x86.ActiveCfg = Debug|Any CPU
		{A183ECD4-A4E6-4D7A-BEDE-5EC4FE98C01F}.Debug|x86.Build.0 = Debug|Any CPU
		{A183ECD4-A4E6-4D7A-BEDE-5EC4FE98C01F}.Release|Any CPU.ActiveCfg = Release|Any CPU
		{A183ECD4-A4E6-4D7A-BEDE-5EC4FE98C01F}.Release|Any CPU.Build.0 = Release|Any CPU
		{A183ECD4-A4E6-4D7A-BEDE-5EC4FE98C01F}.Release|x64.ActiveCfg = Release|Any CPU
		{A183ECD4-A4E6-4D7A-BEDE-5EC4FE98C01F}.Release|x64.Build.0 = Release|Any CPU
		{A183ECD4-A4E6-4D7A-BEDE-5EC4FE98C01F}.Release|x86.ActiveCfg = Release|Any CPU
		{A183ECD4-A4E6-4D7A-BEDE-5EC4FE98C01F}.Release|x86.Build.0 = Release|Any CPU
		{4858E683-29EE-4D10-B51B-90BD36068FAA}.Debug|Any CPU.ActiveCfg = Debug|Any CPU
		{4858E683-29EE-4D10-B51B-90BD36068FAA}.Debug|Any CPU.Build.0 = Debug|Any CPU
		{4858E683-29EE-4D10-B51B-90BD36068FAA}.Debug|x64.ActiveCfg = Debug|Any CPU
		{4858E683-29EE-4D10-B51B-90BD36068FAA}.Debug|x64.Build.0 = Debug|Any CPU
		{4858E683-29EE-4D10-B51B-90BD36068FAA}.Debug|x86.ActiveCfg = Debug|Any CPU
		{4858E683-29EE-4D10-B51B-90BD36068FAA}.Debug|x86.Build.0 = Debug|Any CPU
		{4858E683-29EE-4D10-B51B-90BD36068FAA}.Release|Any CPU.ActiveCfg = Release|Any CPU
		{4858E683-29EE-4D10-B51B-90BD36068FAA}.Release|Any CPU.Build.0 = Release|Any CPU
		{4858E683-29EE-4D10-B51B-90BD36068FAA}.Release|x64.ActiveCfg = Release|Any CPU
		{4858E683-29EE-4D10-B51B-90BD36068FAA}.Release|x64.Build.0 = Release|Any CPU
		{4858E683-29EE-4D10-B51B-90BD36068FAA}.Release|x86.ActiveCfg = Release|Any CPU
		{4858E683-29EE-4D10-B51B-90BD36068FAA}.Release|x86.Build.0 = Release|Any CPU
		{B5B68FB8-40B1-4F2B-8825-5B5F1E5553CB}.Debug|Any CPU.ActiveCfg = Debug|Any CPU
		{B5B68FB8-40B1-4F2B-8825-5B5F1E5553CB}.Debug|Any CPU.Build.0 = Debug|Any CPU
		{B5B68FB8-40B1-4F2B-8825-5B5F1E5553CB}.Debug|x64.ActiveCfg = Debug|Any CPU
		{B5B68FB8-40B1-4F2B-8825-5B5F1E5553CB}.Debug|x64.Build.0 = Debug|Any CPU
		{B5B68FB8-40B1-4F2B-8825-5B5F1E5553CB}.Debug|x86.ActiveCfg = Debug|Any CPU
		{B5B68FB8-40B1-4F2B-8825-5B5F1E5553CB}.Debug|x86.Build.0 = Debug|Any CPU
		{B5B68FB8-40B1-4F2B-8825-5B5F1E5553CB}.Release|Any CPU.ActiveCfg = Release|Any CPU
		{B5B68FB8-40B1-4F2B-8825-5B5F1E5553CB}.Release|Any CPU.Build.0 = Release|Any CPU
		{B5B68FB8-40B1-4F2B-8825-5B5F1E5553CB}.Release|x64.ActiveCfg = Release|Any CPU
		{B5B68FB8-40B1-4F2B-8825-5B5F1E5553CB}.Release|x64.Build.0 = Release|Any CPU
		{B5B68FB8-40B1-4F2B-8825-5B5F1E5553CB}.Release|x86.ActiveCfg = Release|Any CPU
		{B5B68FB8-40B1-4F2B-8825-5B5F1E5553CB}.Release|x86.Build.0 = Release|Any CPU
	EndGlobalSection
	GlobalSection(SolutionProperties) = preSolution
		HideSolutionNode = FALSE
	EndGlobalSection
	GlobalSection(NestedProjects) = preSolution
		{77AD5502-8DD1-4932-A2DA-944415E30B0C} = {827E0CD3-B72D-47B6-A68D-7590B98EB39B}
		{21A162E3-FC15-4D20-94C4-28BC94E5BC62} = {827E0CD3-B72D-47B6-A68D-7590B98EB39B}
		{A183ECD4-A4E6-4D7A-BEDE-5EC4FE98C01F} = {827E0CD3-B72D-47B6-A68D-7590B98EB39B}
		{4858E683-29EE-4D10-B51B-90BD36068FAA} = {827E0CD3-B72D-47B6-A68D-7590B98EB39B}
		{B5B68FB8-40B1-4F2B-8825-5B5F1E5553CB} = {827E0CD3-B72D-47B6-A68D-7590B98EB39B}
	EndGlobalSection
EndGlobal
